
Microsoft Visual Studio Solution File, Format Version 12.00
# Visual Studio Version 16
VisualStudioVersion = 16.0.32413.511
MinimumVisualStudioVersion = 10.0.40219.1
Project("{FAE04EC0-301F-11D3-BF4B-00C04F79EFBC}") = "Jwt App", "Jwt App\Jwt App.csproj", "{1F73AB8E-6E79-480C-A23C-C18369F87701}"
EndProject
Global
	GlobalSection(SolutionConfigurationPlatforms) = preSolution
		Debug|Any CPU = Debug|Any CPU
		Release|Any CPU = Release|Any CPU
	EndGlobalSection
	GlobalSection(ProjectConfigurationPlatforms) = postSolution
		{1F73AB8E-6E79-480C-A23C-C18369F87701}.Debug|Any CPU.ActiveCfg = Debug|Any CPU
		{1F73AB8E-6E79-480C-A23C-C18369F87701}.Debug|Any CPU.Build.0 = Debug|Any CPU
		{1F73AB8E-6E79-480C-A23C-C18369F87701}.Release|Any CPU.ActiveCfg = Release|Any CPU
		{1F73AB8E-6E79-480C-A23C-C18369F87701}.Release|Any CPU.Build.0 = Release|Any CPU
	EndGlobalSection
	GlobalSection(SolutionProperties) = preSolution
		HideSolutionNode = FALSE
	EndGlobalSection
	GlobalSection(ExtensibilityGlobals) = postSolution
		SolutionGuid = {4033D4EB-B86E-440F-B0A8-4E408FE02EDE}
	EndGlobalSection
EndGlobal
